
Microsoft Visual Studio Solution File, Format Version 12.00
# Visual Studio Version 16
VisualStudioVersion = 16.0.30907.101
MinimumVisualStudioVersion = 10.0.40219.1
Project("{9A19103F-16F7-4668-BE54-9A1E7A4F7556}") = "DeliveryDrone", "DeliveryDrone\DeliveryDrone.csproj", "{12CDFC54-F9EE-4E03-9C16-9A04F151023B}"
EndProject
Project("{9A19103F-16F7-4668-BE54-9A1E7A4F7556}") = "Infrastructure", "Infrastructure\Infrastructure.csproj", "{B46D5344-2B94-49DE-9781-554A1D283CBA}"
EndProject
Project("{2150E333-8FDC-42A3-9474-1A3956D46DE8}") = "Solution Items", "Solution Items", "{D008C379-88CB-42BF-915F-6DA949001415}"
	ProjectSection(SolutionItems) = preProject
		.gitignore = .gitignore
		README.md = README.md
	EndProjectSection
EndProject
Project("{2150E333-8FDC-42A3-9474-1A3956D46DE8}") = "Tests", "Tests", "{1D3E01D5-EC4D-4FFE-9BA6-289C5CDC9883}"
EndProject
Project("{9A19103F-16F7-4668-BE54-9A1E7A4F7556}") = "DeliveryDrone.Tests", "DeliveryDrone.Test\DeliveryDrone.Tests.csproj", "{B66C1D47-370A-4D9D-8636-0C3C0AC482AA}"
EndProject
Project("{9A19103F-16F7-4668-BE54-9A1E7A4F7556}") = "DeliveryDrone.IntegrationTests", "DeliveryDrone.IntegrationTests\DeliveryDrone.IntegrationTests.csproj", "{44BD0A7D-AF41-416F-A627-90DC2B538A69}"
EndProject
Global
	GlobalSection(SolutionConfigurationPlatforms) = preSolution
		Debug|Any CPU = Debug|Any CPU
		Release|Any CPU = Release|Any CPU
	EndGlobalSection
	GlobalSection(ProjectConfigurationPlatforms) = postSolution
		{12CDFC54-F9EE-4E03-9C16-9A04F151023B}.Debug|Any CPU.ActiveCfg = Debug|Any CPU
		{12CDFC54-F9EE-4E03-9C16-9A04F151023B}.Debug|Any CPU.Build.0 = Debug|Any CPU
		{12CDFC54-F9EE-4E03-9C16-9A04F151023B}.Release|Any CPU.ActiveCfg = Release|Any CPU
		{12CDFC54-F9EE-4E03-9C16-9A04F151023B}.Release|Any CPU.Build.0 = Release|Any CPU
		{B46D5344-2B94-49DE-9781-554A1D283CBA}.Debug|Any CPU.ActiveCfg = Debug|Any CPU
		{B46D5344-2B94-49DE-9781-554A1D283CBA}.Debug|Any CPU.Build.0 = Debug|Any CPU
		{B46D5344-2B94-49DE-9781-554A1D283CBA}.Release|Any CPU.ActiveCfg = Release|Any CPU
		{B46D5344-2B94-49DE-9781-554A1D283CBA}.Release|Any CPU.Build.0 = Release|Any CPU
		{B66C1D47-370A-4D9D-8636-0C3C0AC482AA}.Debug|Any CPU.ActiveCfg = Debug|Any CPU
		{B66C1D47-370A-4D9D-8636-0C3C0AC482AA}.Debug|Any CPU.Build.0 = Debug|Any CPU
		{B66C1D47-370A-4D9D-8636-0C3C0AC482AA}.Release|Any CPU.ActiveCfg = Release|Any CPU
		{B66C1D47-370A-4D9D-8636-0C3C0AC482AA}.Release|Any CPU.Build.0 = Release|Any CPU
		{44BD0A7D-AF41-416F-A627-90DC2B538A69}.Debug|Any CPU.ActiveCfg = Debug|Any CPU
		{44BD0A7D-AF41-416F-A627-90DC2B538A69}.Debug|Any CPU.Build.0 = Debug|Any CPU
		{44BD0A7D-AF41-416F-A627-90DC2B538A69}.Release|Any CPU.ActiveCfg = Release|Any CPU
		{44BD0A7D-AF41-416F-A627-90DC2B538A69}.Release|Any CPU.Build.0 = Release|Any CPU
	EndGlobalSection
	GlobalSection(SolutionProperties) = preSolution
		HideSolutionNode = FALSE
	EndGlobalSection
	GlobalSection(NestedProjects) = preSolution
		{B66C1D47-370A-4D9D-8636-0C3C0AC482AA} = {1D3E01D5-EC4D-4FFE-9BA6-289C5CDC9883}
		{44BD0A7D-AF41-416F-A627-90DC2B538A69} = {1D3E01D5-EC4D-4FFE-9BA6-289C5CDC9883}
	EndGlobalSection
	GlobalSection(ExtensibilityGlobals) = postSolution
		SolutionGuid = {8BB7C47F-460A-4218-AB22-D9085722DB42}
	EndGlobalSection
EndGlobal
